// !$*UTF8*$!
{
	archiveVersion = 1;
	classes = {
	};
	objectVersion = 50;
	objects = {

/* Begin PBXBuildFile section */
		B0B3C081244904DA000A2AA9 /* AppDelegate.swift in Sources */ = {isa = PBXBuildFile; fileRef = B0B3C080244904DA000A2AA9 /* AppDelegate.swift */; };
		B0B3C083244904DA000A2AA9 /* SceneDelegate.swift in Sources */ = {isa = PBXBuildFile; fileRef = B0B3C082244904DA000A2AA9 /* SceneDelegate.swift */; };
		B0B3C085244904DA000A2AA9 /* ViewController.swift in Sources */ = {isa = PBXBuildFile; fileRef = B0B3C084244904DA000A2AA9 /* ViewController.swift */; };
		B0B3C088244904DA000A2AA9 /* Main.storyboard in Resources */ = {isa = PBXBuildFile; fileRef = B0B3C086244904DA000A2AA9 /* Main.storyboard */; };
		B0B3C08A244904E6000A2AA9 /* Assets.xcassets in Resources */ = {isa = PBXBuildFile; fileRef = B0B3C089244904E6000A2AA9 /* Assets.xcassets */; };
		B0B3C08D244904E6000A2AA9 /* LaunchScreen.storyboard in Resources */ = {isa = PBXBuildFile; fileRef = B0B3C08B244904E6000A2AA9 /* LaunchScreen.storyboard */; };
/* End PBXBuildFile section */

/* Begin PBXFileReference section */
		B0B3C07D244904DA000A2AA9 /* HobbyTutorial.app */ = {isa = PBXFileReference; explicitFileType = wrapper.application; includeInIndex = 0; path = HobbyTutorial.app; sourceTree = BUILT_PRODUCTS_DIR; };
		B0B3C080244904DA000A2AA9 /* AppDelegate.swift */ = {isa = PBXFileReference; lastKnownFileType = sourcecode.swift; path = AppDelegate.swift; sourceTree = "<group>"; };
		B0B3C082244904DA000A2AA9 /* SceneDelegate.swift */ = {isa = PBXFileReference; lastKnownFileType = sourcecode.swift; path = SceneDelegate.swift; sourceTree = "<group>"; };
		B0B3C084244904DA000A2AA9 /* ViewController.swift */ = {isa = PBXFileReference; lastKnownFileType = sourcecode.swift; path = ViewController.swift; sourceTree = "<group>"; };
		B0B3C087244904DA000A2AA9 /* Base */ = {isa = PBXFileReference; lastKnownFileType = file.storyboard; name = Base; path = Base.lproj/Main.storyboard; sourceTree = "<group>"; };
		B0B3C089244904E6000A2AA9 /* Assets.xcassets */ = {isa = PBXFileReference; lastKnownFileType = folder.assetcatalog; path = Assets.xcassets; sourceTree = "<group>"; };
		B0B3C08C244904E6000A2AA9 /* Base */ = {isa = PBXFileReference; lastKnownFileType = file.storyboard; name = Base; path = Base.lproj/LaunchScreen.storyboard; sourceTree = "<group>"; };
		B0B3C08E244904E6000A2AA9 /* Info.plist */ = {isa = PBXFileReference; lastKnownFileType = text.plist.xml; path = Info.plist; sourceTree = "<group>"; };
/* End PBXFileReference section */

/* Begin PBXFrameworksBuildPhase section */
		B0B3C07A244904DA000A2AA9 /* Frameworks */ = {
			isa = PBXFrameworksBuildPhase;
			buildActionMask = 2147483647;
			files = (
			);
			runOnlyForDeploymentPostprocessing = 0;
		};
/* End PBXFrameworksBuildPhase section */

/* Begin PBXGroup section */
		B0B3C074244904DA000A2AA9 = {
			isa = PBXGroup;
			children = (
				B0B3C07F244904DA000A2AA9 /* HobbyTutorial */,
				B0B3C07E244904DA000A2AA9 /* Products */,
			);
			sourceTree = "<group>";
		};
		B0B3C07E244904DA000A2AA9 /* Products */ = {
			isa = PBXGroup;
			children = (
				B0B3C07D244904DA000A2AA9 /* HobbyTutorial.app */,
			);
			name = Products;
			sourceTree = "<group>";
		};
		B0B3C07F244904DA000A2AA9 /* HobbyTutorial */ = {
			isa = PBXGroup;
			children = (
				B0B3C080244904DA000A2AA9 /* AppDelegate.swift */,
				B0B3C082244904DA000A2AA9 /* SceneDelegate.swift */,
				B0B3C084244904DA000A2AA9 /* ViewController.swift */,
				B0B3C086244904DA000A2AA9 /* Main.storyboard */,
				B0B3C089244904E6000A2AA9 /* Assets.xcassets */,
				B0B3C08B244904E6000A2AA9 /* LaunchScreen.storyboard */,
				B0B3C08E244904E6000A2AA9 /* Info.plist */,
			);
			path = HobbyTutorial;
			sourceTree = "<group>";
		};
/* End PBXGroup section */

/* Begin PBXNativeTarget section */
		B0B3C07C244904DA000A2AA9 /* HobbyTutorial */ = {
			isa = PBXNativeTarget;
			buildConfigurationList = B0B3C091244904E6000A2AA9 /* Build configuration list for PBXNativeTarget "HobbyTutorial" */;
			buildPhases = (
				B0B3C079244904DA000A2AA9 /* Sources */,
				B0B3C07A244904DA000A2AA9 /* Frameworks */,
				B0B3C07B244904DA000A2AA9 /* Resources */,
			);
			buildRules = (
			);
			dependencies = (
			);
			name = HobbyTutorial;
			productName = HobbyTutorial;
			productReference = B0B3C07D244904DA000A2AA9 /* HobbyTutorial.app */;
			productType = "com.apple.product-type.application";
		};
/* End PBXNativeTarget section */

/* Begin PBXProject section */
		B0B3C075244904DA000A2AA9 /* Project object */ = {
			isa = PBXProject;
			attributes = {
				LastSwiftUpdateCheck = 1140;
				LastUpgradeCheck = 1140;
				ORGANIZATIONNAME = "Naoki Mita";
				TargetAttributes = {
					B0B3C07C244904DA000A2AA9 = {
						CreatedOnToolsVersion = 11.4;
					};
				};
			};
			buildConfigurationList = B0B3C078244904DA000A2AA9 /* Build configuration list for PBXProject "HobbyTutorial" */;
			compatibilityVersion = "Xcode 9.3";
			developmentRegion = en;
			hasScannedForEncodings = 0;
			knownRegions = (
				en,
				Base,
			);
			mainGroup = B0B3C074244904DA000A2AA9;
			productRefGroup = B0B3C07E244904DA000A2AA9 /* Products */;
			projectDirPath = "";
			projectRoot = "";
			targets = (
				B0B3C07C244904DA000A2AA9 /* HobbyTutorial */,
			);
		};
/* End PBXProject section */

/* Begin PBXResourcesBuildPhase section */
		B0B3C07B244904DA000A2AA9 /* Resources */ = {
			isa = PBXResourcesBuildPhase;
			buildActionMask = 2147483647;
			files = (
				B0B3C08D244904E6000A2AA9 /* LaunchScreen.storyboard in Resources */,
				B0B3C08A244904E6000A2AA9 /* Assets.xcassets in Resources */,
				B0B3C088244904DA000A2AA9 /* Main.storyboard in Resources */,
			);
			runOnlyForDeploymentPostprocessing = 0;
		};
/* End PBXResourcesBuildPhase section */

/* Begin PBXSourcesBuildPhase section */
		B0B3C079244904DA000A2AA9 /* Sources */ = {
			isa = PBXSourcesBuildPhase;
			buildActionMask = 2147483647;
			files = (
				B0B3C085244904DA000A2AA9 /* ViewController.swift in Sources */,
				B0B3C081244904DA000A2AA9 /* AppDelegate.swift in Sources */,
				B0B3C083244904DA000A2AA9 /* SceneDelegate.swift in Sources */,
			);
			runOnlyForDeploymentPostprocessing = 0;
		};
/* End PBXSourcesBuildPhase section */

/* Begin PBXVariantGroup section */
		B0B3C086244904DA000A2AA9 /* Main.storyboard */ = {
			isa = PBXVariantGroup;
			children = (
				B0B3C087244904DA000A2AA9 /* Base */,
			);
			name = Main.storyboard;
			sourceTree = "<group>";
		};
		B0B3C08B244904E6000A2AA9 /* LaunchScreen.storyboard */ = {
			isa = PBXVariantGroup;
			children = (
				B0B3C08C244904E6000A2AA9 /* Base */,
			);
			name = LaunchScreen.storyboard;
			sourceTree = "<group>";
		};
/* End PBXVariantGroup section */

/* Begin XCBuildConfiguration section */
		B0B3C08F244904E6000A2AA9 /* Debug */ = {
			isa = XCBuildConfiguration;
			buildSettings = {
				ALWAYS_SEARCH_USER_PATHS = NO;
				CLANG_ANALYZER_NONNULL = YES;
				CLANG_ANALYZER_NUMBER_OBJECT_CONVERSION = YES_AGGRESSIVE;
				CLANG_CXX_LANGUAGE_STANDARD = "gnu++14";
				CLANG_CXX_LIBRARY = "libc++";
				CLANG_ENABLE_MODULES = YES;
				CLANG_ENABLE_OBJC_ARC = YES;
				CLANG_ENABLE_OBJC_WEAK = YES;
				CLANG_WARN_BLOCK_CAPTURE_AUTORELEASING = YES;
				CLANG_WARN_BOOL_CONVERSION = YES;
				CLANG_WARN_COMMA = YES;
				CLANG_WARN_CONSTANT_CONVERSION = YES;
				CLANG_WARN_DEPRECATED_OBJC_IMPLEMENTATIONS = YES;
				CLANG_WARN_DIRECT_OBJC_ISA_USAGE = YES_ERROR;
				CLANG_WARN_DOCUMENTATION_COMMENTS = YES;
				CLANG_WARN_EMPTY_BODY = YES;
				CLANG_WARN_ENUM_CONVERSION = YES;
				CLANG_WARN_INFINITE_RECURSION = YES;
				CLANG_WARN_INT_CONVERSION = YES;
				CLANG_WARN_NON_LITERAL_NULL_CONVERSION = YES;
				CLANG_WARN_OBJC_IMPLICIT_RETAIN_SELF = YES;
				CLANG_WARN_OBJC_LITERAL_CONVERSION = YES;
				CLANG_WARN_OBJC_ROOT_CLASS = YES_ERROR;
				CLANG_WARN_RANGE_LOOP_ANALYSIS = YES;
				CLANG_WARN_STRICT_PROTOTYPES = YES;
				CLANG_WARN_SUSPICIOUS_MOVE = YES;
				CLANG_WARN_UNGUARDED_AVAILABILITY = YES_AGGRESSIVE;
				CLANG_WARN_UNREACHABLE_CODE = YES;
				CLANG_WARN__DUPLICATE_METHOD_MATCH = YES;
				COPY_PHASE_STRIP = NO;
				DEBUG_INFORMATION_FORMAT = dwarf;
				ENABLE_STRICT_OBJC_MSGSEND = YES;
				ENABLE_TESTABILITY = YES;
				GCC_C_LANGUAGE_STANDARD = gnu11;
				GCC_DYNAMIC_NO_PIC = NO;
				GCC_NO_COMMON_BLOCKS = YES;
				GCC_OPTIMIZATION_LEVEL = 0;
				GCC_PREPROCESSOR_DEFINITIONS = (
					"DEBUG=1",
					"$(inherited)",
				);
				GCC_WARN_64_TO_32_BIT_CONVERSION = YES;
				GCC_WARN_ABOUT_RETURN_TYPE = YES_ERROR;
				GCC_WARN_UNDECLARED_SELECTOR = YES;
				GCC_WARN_UNINITIALIZED_AUTOS = YES_AGGRESSIVE;
				GCC_WARN_UNUSED_FUNCTION = YES;
				GCC_WARN_UNUSED_VARIABLE = YES;
				IPHONEOS_DEPLOYMENT_TARGET = 13.4;
				MTL_ENABLE_DEBUG_INFO = INCLUDE_SOURCE;
				MTL_FAST_MATH = YES;
				ONLY_ACTIVE_ARCH = YES;
				SDKROOT = iphoneos;
				SWIFT_ACTIVE_COMPILATION_CONDITIONS = DEBUG;
				SWIFT_OPTIMIZATION_LEVEL = "-Onone";
			};
			name = Debug;
		};
		B0B3C090244904E6000A2AA9 /* Release */ = {
			isa = XCBuildConfiguration;
			buildSettings = {
				ALWAYS_SEARCH_USER_PATHS = NO;
				CLANG_ANALYZER_NONNULL = YES;
				CLANG_ANALYZER_NUMBER_OBJECT_CONVERSION = YES_AGGRESSIVE;
				CLANG_CXX_LANGUAGE_STANDARD = "gnu++14";
				CLANG_CXX_LIBRARY = "libc++";
				CLANG_ENABLE_MODULES = YES;
				CLANG_ENABLE_OBJC_ARC = YES;
				CLANG_ENABLE_OBJC_WEAK = YES;
				CLANG_WARN_BLOCK_CAPTURE_AUTORELEASING = YES;
				CLANG_WARN_BOOL_CONVERSION = YES;
				CLANG_WARN_COMMA = YES;
				CLANG_WARN_CONSTANT_CONVERSION = YES;
				CLANG_WARN_DEPRECATED_OBJC_IMPLEMENTATIONS = YES;
				CLANG_WARN_DIRECT_OBJC_ISA_USAGE = YES_ERROR;
				CLANG_WARN_DOCUMENTATION_COMMENTS = YES;
				CLANG_WARN_EMPTY_BODY = YES;
				CLANG_WARN_ENUM_CONVERSION = YES;
				CLANG_WARN_INFINITE_RECURSION = YES;
				CLANG_WARN_INT_CONVERSION = YES;
				CLANG_WARN_NON_LITERAL_NULL_CONVERSION = YES;
				CLANG_WARN_OBJC_IMPLICIT_RETAIN_SELF = YES;
				CLANG_WARN_OBJC_LITERAL_CONVERSION = YES;
				CLANG_WARN_OBJC_ROOT_CLASS = YES_ERROR;
				CLANG_WARN_RANGE_LOOP_ANALYSIS = YES;
				CLANG_WARN_STRICT_PROTOTYPES = YES;
				CLANG_WARN_SUSPICIOUS_MOVE = YES;
				CLANG_WARN_UNGUARDED_AVAILABILITY = YES_AGGRESSIVE;
				CLANG_WARN_UNREACHABLE_CODE = YES;
				CLANG_WARN__DUPLICATE_METHOD_MATCH = YES;
				COPY_PHASE_STRIP = NO;
				DEBUG_INFORMATION_FORMAT = "dwarf-with-dsym";
				ENABLE_NS_ASSERTIONS = NO;
				ENABLE_STRICT_OBJC_MSGSEND = YES;
				GCC_C_LANGUAGE_STANDARD = gnu11;
				GCC_NO_COMMON_BLOCKS = YES;
				GCC_WARN_64_TO_32_BIT_CONVERSION = YES;
				GCC_WARN_ABOUT_RETURN_TYPE = YES_ERROR;
				GCC_WARN_UNDECLARED_SELECTOR = YES;
				GCC_WARN_UNINITIALIZED_AUTOS = YES_AGGRESSIVE;
				GCC_WARN_UNUSED_FUNCTION = YES;
				GCC_WARN_UNUSED_VARIABLE = YES;
				IPHONEOS_DEPLOYMENT_TARGET = 13.4;
				MTL_ENABLE_DEBUG_INFO = NO;
				MTL_FAST_MATH = YES;
				SDKROOT = iphoneos;
				SWIFT_COMPILATION_MODE = wholemodule;
				SWIFT_OPTIMIZATION_LEVEL = "-O";
				VALIDATE_PRODUCT = YES;
			};
			name = Release;
		};
		B0B3C092244904E6000A2AA9 /* Debug */ = {
			isa = XCBuildConfiguration;
			buildSettings = {
				ASSETCATALOG_COMPILER_APPICON_NAME = AppIcon;
				CODE_SIGN_STYLE = Automatic;
				DEVELOPMENT_TEAM = LXY3FP8CZ3;
				INFOPLIST_FILE = HobbyTutorial/Info.plist;
				LD_RUNPATH_SEARCH_PATHS = (
					"$(inherited)",
					"@executable_path/Frameworks",
				);
				PRODUCT_BUNDLE_IDENTIFIER = com.self.HobbyTutorial;
				PRODUCT_NAME = "$(TARGET_NAME)";
				SWIFT_VERSION = 5.0;
				TARGETED_DEVICE_FAMILY = "1,2";
			};
			name = Debug;
		};
		B0B3C093244904E6000A2AA9 /* Release */ = {
			isa = XCBuildConfiguration;
			buildSettings = {
				ASSETCATALOG_COMPILER_APPICON_NAME = AppIcon;
				CODE_SIGN_STYLE = Automatic;
				DEVELOPMENT_TEAM = LXY3FP8CZ3;
				INFOPLIST_FILE = HobbyTutorial/Info.plist;
				LD_RUNPATH_SEARCH_PATHS = (
					"$(inherited)",
					"@executable_path/Frameworks",
				);
				PRODUCT_BUNDLE_IDENTIFIER = com.self.HobbyTutorial;
				PRODUCT_NAME = "$(TARGET_NAME)";
				SWIFT_VERSION = 5.0;
				TARGETED_DEVICE_FAMILY = "1,2";
			};
			name = Release;
		};
/* End XCBuildConfiguration section */

/* Begin XCConfigurationList section */
		B0B3C078244904DA000A2AA9 /* Build configuration list for PBXProject "HobbyTutorial" */ = {
			isa = XCConfigurationList;
			buildConfigurations = (
				B0B3C08F244904E6000A2AA9 /* Debug */,
				B0B3C090244904E6000A2AA9 /* Release */,
			);
			defaultConfigurationIsVisible = 0;
			defaultConfigurationName = Release;
		};
		B0B3C091244904E6000A2AA9 /* Build configuration list for PBXNativeTarget "HobbyTutorial" */ = {
			isa = XCConfigurationList;
			buildConfigurations = (
				B0B3C092244904E6000A2AA9 /* Debug */,
				B0B3C093244904E6000A2AA9 /* Release */,
			);
			defaultConfigurationIsVisible = 0;
			defaultConfigurationName = Release;
		};
/* End XCConfigurationList section */
	};
	rootObject = B0B3C075244904DA000A2AA9 /* Project object */;
}
