// !$*UTF8*$!
{
	archiveVersion = 1;
	classes = {
	};
	objectVersion = 50;
	objects = {

/* Begin PBXBuildFile section */
		B0553748244CDC3B00A43C60 /* AppDelegate.swift in Sources */ = {isa = PBXBuildFile; fileRef = B0553747244CDC3B00A43C60 /* AppDelegate.swift */; };
		B055374A244CDC3B00A43C60 /* SceneDelegate.swift in Sources */ = {isa = PBXBuildFile; fileRef = B0553749244CDC3B00A43C60 /* SceneDelegate.swift */; };
		B055374C244CDC3B00A43C60 /* ViewController.swift in Sources */ = {isa = PBXBuildFile; fileRef = B055374B244CDC3B00A43C60 /* ViewController.swift */; };
		B055374F244CDC3B00A43C60 /* Main.storyboard in Resources */ = {isa = PBXBuildFile; fileRef = B055374D244CDC3B00A43C60 /* Main.storyboard */; };
		B0553751244CDC4000A43C60 /* Assets.xcassets in Resources */ = {isa = PBXBuildFile; fileRef = B0553750244CDC4000A43C60 /* Assets.xcassets */; };
		B0553754244CDC4000A43C60 /* LaunchScreen.storyboard in Resources */ = {isa = PBXBuildFile; fileRef = B0553752244CDC4000A43C60 /* LaunchScreen.storyboard */; };
/* End PBXBuildFile section */

/* Begin PBXFileReference section */
		B0553744244CDC3B00A43C60 /* AutoLayoutStoryboard.app */ = {isa = PBXFileReference; explicitFileType = wrapper.application; includeInIndex = 0; path = AutoLayoutStoryboard.app; sourceTree = BUILT_PRODUCTS_DIR; };
		B0553747244CDC3B00A43C60 /* AppDelegate.swift */ = {isa = PBXFileReference; lastKnownFileType = sourcecode.swift; path = AppDelegate.swift; sourceTree = "<group>"; };
		B0553749244CDC3B00A43C60 /* SceneDelegate.swift */ = {isa = PBXFileReference; lastKnownFileType = sourcecode.swift; path = SceneDelegate.swift; sourceTree = "<group>"; };
		B055374B244CDC3B00A43C60 /* ViewController.swift */ = {isa = PBXFileReference; lastKnownFileType = sourcecode.swift; path = ViewController.swift; sourceTree = "<group>"; };
		B055374E244CDC3B00A43C60 /* Base */ = {isa = PBXFileReference; lastKnownFileType = file.storyboard; name = Base; path = Base.lproj/Main.storyboard; sourceTree = "<group>"; };
		B0553750244CDC4000A43C60 /* Assets.xcassets */ = {isa = PBXFileReference; lastKnownFileType = folder.assetcatalog; path = Assets.xcassets; sourceTree = "<group>"; };
		B0553753244CDC4000A43C60 /* Base */ = {isa = PBXFileReference; lastKnownFileType = file.storyboard; name = Base; path = Base.lproj/LaunchScreen.storyboard; sourceTree = "<group>"; };
		B0553755244CDC4000A43C60 /* Info.plist */ = {isa = PBXFileReference; lastKnownFileType = text.plist.xml; path = Info.plist; sourceTree = "<group>"; };
/* End PBXFileReference section */

/* Begin PBXFrameworksBuildPhase section */
		B0553741244CDC3B00A43C60 /* Frameworks */ = {
			isa = PBXFrameworksBuildPhase;
			buildActionMask = 2147483647;
			files = (
			);
			runOnlyForDeploymentPostprocessing = 0;
		};
/* End PBXFrameworksBuildPhase section */

/* Begin PBXGroup section */
		B055373B244CDC3B00A43C60 = {
			isa = PBXGroup;
			children = (
				B0553746244CDC3B00A43C60 /* AutoLayoutStoryboard */,
				B0553745244CDC3B00A43C60 /* Products */,
			);
			sourceTree = "<group>";
		};
		B0553745244CDC3B00A43C60 /* Products */ = {
			isa = PBXGroup;
			children = (
				B0553744244CDC3B00A43C60 /* AutoLayoutStoryboard.app */,
			);
			name = Products;
			sourceTree = "<group>";
		};
		B0553746244CDC3B00A43C60 /* AutoLayoutStoryboard */ = {
			isa = PBXGroup;
			children = (
				B0553747244CDC3B00A43C60 /* AppDelegate.swift */,
				B0553749244CDC3B00A43C60 /* SceneDelegate.swift */,
				B055374B244CDC3B00A43C60 /* ViewController.swift */,
				B055374D244CDC3B00A43C60 /* Main.storyboard */,
				B0553750244CDC4000A43C60 /* Assets.xcassets */,
				B0553752244CDC4000A43C60 /* LaunchScreen.storyboard */,
				B0553755244CDC4000A43C60 /* Info.plist */,
			);
			path = AutoLayoutStoryboard;
			sourceTree = "<group>";
		};
/* End PBXGroup section */

/* Begin PBXNativeTarget section */
		B0553743244CDC3B00A43C60 /* AutoLayoutStoryboard */ = {
			isa = PBXNativeTarget;
			buildConfigurationList = B0553758244CDC4000A43C60 /* Build configuration list for PBXNativeTarget "AutoLayoutStoryboard" */;
			buildPhases = (
				B0553740244CDC3B00A43C60 /* Sources */,
				B0553741244CDC3B00A43C60 /* Frameworks */,
				B0553742244CDC3B00A43C60 /* Resources */,
			);
			buildRules = (
			);
			dependencies = (
			);
			name = AutoLayoutStoryboard;
			productName = AutoLayoutStoryboard;
			productReference = B0553744244CDC3B00A43C60 /* AutoLayoutStoryboard.app */;
			productType = "com.apple.product-type.application";
		};
/* End PBXNativeTarget section */

/* Begin PBXProject section */
		B055373C244CDC3B00A43C60 /* Project object */ = {
			isa = PBXProject;
			attributes = {
				LastSwiftUpdateCheck = 1140;
				LastUpgradeCheck = 1140;
				ORGANIZATIONNAME = "Naoki Mita";
				TargetAttributes = {
					B0553743244CDC3B00A43C60 = {
						CreatedOnToolsVersion = 11.4.1;
					};
				};
			};
			buildConfigurationList = B055373F244CDC3B00A43C60 /* Build configuration list for PBXProject "AutoLayoutStoryboard" */;
			compatibilityVersion = "Xcode 9.3";
			developmentRegion = en;
			hasScannedForEncodings = 0;
			knownRegions = (
				en,
				Base,
			);
			mainGroup = B055373B244CDC3B00A43C60;
			productRefGroup = B0553745244CDC3B00A43C60 /* Products */;
			projectDirPath = "";
			projectRoot = "";
			targets = (
				B0553743244CDC3B00A43C60 /* AutoLayoutStoryboard */,
			);
		};
/* End PBXProject section */

/* Begin PBXResourcesBuildPhase section */
		B0553742244CDC3B00A43C60 /* Resources */ = {
			isa = PBXResourcesBuildPhase;
			buildActionMask = 2147483647;
			files = (
				B0553754244CDC4000A43C60 /* LaunchScreen.storyboard in Resources */,
				B0553751244CDC4000A43C60 /* Assets.xcassets in Resources */,
				B055374F244CDC3B00A43C60 /* Main.storyboard in Resources */,
			);
			runOnlyForDeploymentPostprocessing = 0;
		};
/* End PBXResourcesBuildPhase section */

/* Begin PBXSourcesBuildPhase section */
		B0553740244CDC3B00A43C60 /* Sources */ = {
			isa = PBXSourcesBuildPhase;
			buildActionMask = 2147483647;
			files = (
				B055374C244CDC3B00A43C60 /* ViewController.swift in Sources */,
				B0553748244CDC3B00A43C60 /* AppDelegate.swift in Sources */,
				B055374A244CDC3B00A43C60 /* SceneDelegate.swift in Sources */,
			);
			runOnlyForDeploymentPostprocessing = 0;
		};
/* End PBXSourcesBuildPhase section */

/* Begin PBXVariantGroup section */
		B055374D244CDC3B00A43C60 /* Main.storyboard */ = {
			isa = PBXVariantGroup;
			children = (
				B055374E244CDC3B00A43C60 /* Base */,
			);
			name = Main.storyboard;
			sourceTree = "<group>";
		};
		B0553752244CDC4000A43C60 /* LaunchScreen.storyboard */ = {
			isa = PBXVariantGroup;
			children = (
				B0553753244CDC4000A43C60 /* Base */,
			);
			name = LaunchScreen.storyboard;
			sourceTree = "<group>";
		};
/* End PBXVariantGroup section */

/* Begin XCBuildConfiguration section */
		B0553756244CDC4000A43C60 /* Debug */ = {
			isa = XCBuildConfiguration;
			buildSettings = {
				ALWAYS_SEARCH_USER_PATHS = NO;
				CLANG_ANALYZER_NONNULL = YES;
				CLANG_ANALYZER_NUMBER_OBJECT_CONVERSION = YES_AGGRESSIVE;
				CLANG_CXX_LANGUAGE_STANDARD = "gnu++14";
				CLANG_CXX_LIBRARY = "libc++";
				CLANG_ENABLE_MODULES = YES;
				CLANG_ENABLE_OBJC_ARC = YES;
				CLANG_ENABLE_OBJC_WEAK = YES;
				CLANG_WARN_BLOCK_CAPTURE_AUTORELEASING = YES;
				CLANG_WARN_BOOL_CONVERSION = YES;
				CLANG_WARN_COMMA = YES;
				CLANG_WARN_CONSTANT_CONVERSION = YES;
				CLANG_WARN_DEPRECATED_OBJC_IMPLEMENTATIONS = YES;
				CLANG_WARN_DIRECT_OBJC_ISA_USAGE = YES_ERROR;
				CLANG_WARN_DOCUMENTATION_COMMENTS = YES;
				CLANG_WARN_EMPTY_BODY = YES;
				CLANG_WARN_ENUM_CONVERSION = YES;
				CLANG_WARN_INFINITE_RECURSION = YES;
				CLANG_WARN_INT_CONVERSION = YES;
				CLANG_WARN_NON_LITERAL_NULL_CONVERSION = YES;
				CLANG_WARN_OBJC_IMPLICIT_RETAIN_SELF = YES;
				CLANG_WARN_OBJC_LITERAL_CONVERSION = YES;
				CLANG_WARN_OBJC_ROOT_CLASS = YES_ERROR;
				CLANG_WARN_RANGE_LOOP_ANALYSIS = YES;
				CLANG_WARN_STRICT_PROTOTYPES = YES;
				CLANG_WARN_SUSPICIOUS_MOVE = YES;
				CLANG_WARN_UNGUARDED_AVAILABILITY = YES_AGGRESSIVE;
				CLANG_WARN_UNREACHABLE_CODE = YES;
				CLANG_WARN__DUPLICATE_METHOD_MATCH = YES;
				COPY_PHASE_STRIP = NO;
				DEBUG_INFORMATION_FORMAT = dwarf;
				ENABLE_STRICT_OBJC_MSGSEND = YES;
				ENABLE_TESTABILITY = YES;
				GCC_C_LANGUAGE_STANDARD = gnu11;
				GCC_DYNAMIC_NO_PIC = NO;
				GCC_NO_COMMON_BLOCKS = YES;
				GCC_OPTIMIZATION_LEVEL = 0;
				GCC_PREPROCESSOR_DEFINITIONS = (
					"DEBUG=1",
					"$(inherited)",
				);
				GCC_WARN_64_TO_32_BIT_CONVERSION = YES;
				GCC_WARN_ABOUT_RETURN_TYPE = YES_ERROR;
				GCC_WARN_UNDECLARED_SELECTOR = YES;
				GCC_WARN_UNINITIALIZED_AUTOS = YES_AGGRESSIVE;
				GCC_WARN_UNUSED_FUNCTION = YES;
				GCC_WARN_UNUSED_VARIABLE = YES;
				IPHONEOS_DEPLOYMENT_TARGET = 13.4;
				MTL_ENABLE_DEBUG_INFO = INCLUDE_SOURCE;
				MTL_FAST_MATH = YES;
				ONLY_ACTIVE_ARCH = YES;
				SDKROOT = iphoneos;
				SWIFT_ACTIVE_COMPILATION_CONDITIONS = DEBUG;
				SWIFT_OPTIMIZATION_LEVEL = "-Onone";
			};
			name = Debug;
		};
		B0553757244CDC4000A43C60 /* Release */ = {
			isa = XCBuildConfiguration;
			buildSettings = {
				ALWAYS_SEARCH_USER_PATHS = NO;
				CLANG_ANALYZER_NONNULL = YES;
				CLANG_ANALYZER_NUMBER_OBJECT_CONVERSION = YES_AGGRESSIVE;
				CLANG_CXX_LANGUAGE_STANDARD = "gnu++14";
				CLANG_CXX_LIBRARY = "libc++";
				CLANG_ENABLE_MODULES = YES;
				CLANG_ENABLE_OBJC_ARC = YES;
				CLANG_ENABLE_OBJC_WEAK = YES;
				CLANG_WARN_BLOCK_CAPTURE_AUTORELEASING = YES;
				CLANG_WARN_BOOL_CONVERSION = YES;
				CLANG_WARN_COMMA = YES;
				CLANG_WARN_CONSTANT_CONVERSION = YES;
				CLANG_WARN_DEPRECATED_OBJC_IMPLEMENTATIONS = YES;
				CLANG_WARN_DIRECT_OBJC_ISA_USAGE = YES_ERROR;
				CLANG_WARN_DOCUMENTATION_COMMENTS = YES;
				CLANG_WARN_EMPTY_BODY = YES;
				CLANG_WARN_ENUM_CONVERSION = YES;
				CLANG_WARN_INFINITE_RECURSION = YES;
				CLANG_WARN_INT_CONVERSION = YES;
				CLANG_WARN_NON_LITERAL_NULL_CONVERSION = YES;
				CLANG_WARN_OBJC_IMPLICIT_RETAIN_SELF = YES;
				CLANG_WARN_OBJC_LITERAL_CONVERSION = YES;
				CLANG_WARN_OBJC_ROOT_CLASS = YES_ERROR;
				CLANG_WARN_RANGE_LOOP_ANALYSIS = YES;
				CLANG_WARN_STRICT_PROTOTYPES = YES;
				CLANG_WARN_SUSPICIOUS_MOVE = YES;
				CLANG_WARN_UNGUARDED_AVAILABILITY = YES_AGGRESSIVE;
				CLANG_WARN_UNREACHABLE_CODE = YES;
				CLANG_WARN__DUPLICATE_METHOD_MATCH = YES;
				COPY_PHASE_STRIP = NO;
				DEBUG_INFORMATION_FORMAT = "dwarf-with-dsym";
				ENABLE_NS_ASSERTIONS = NO;
				ENABLE_STRICT_OBJC_MSGSEND = YES;
				GCC_C_LANGUAGE_STANDARD = gnu11;
				GCC_NO_COMMON_BLOCKS = YES;
				GCC_WARN_64_TO_32_BIT_CONVERSION = YES;
				GCC_WARN_ABOUT_RETURN_TYPE = YES_ERROR;
				GCC_WARN_UNDECLARED_SELECTOR = YES;
				GCC_WARN_UNINITIALIZED_AUTOS = YES_AGGRESSIVE;
				GCC_WARN_UNUSED_FUNCTION = YES;
				GCC_WARN_UNUSED_VARIABLE = YES;
				IPHONEOS_DEPLOYMENT_TARGET = 13.4;
				MTL_ENABLE_DEBUG_INFO = NO;
				MTL_FAST_MATH = YES;
				SDKROOT = iphoneos;
				SWIFT_COMPILATION_MODE = wholemodule;
				SWIFT_OPTIMIZATION_LEVEL = "-O";
				VALIDATE_PRODUCT = YES;
			};
			name = Release;
		};
		B0553759244CDC4000A43C60 /* Debug */ = {
			isa = XCBuildConfiguration;
			buildSettings = {
				ASSETCATALOG_COMPILER_APPICON_NAME = AppIcon;
				CODE_SIGN_STYLE = Automatic;
				DEVELOPMENT_TEAM = LXY3FP8CZ3;
				INFOPLIST_FILE = AutoLayoutStoryboard/Info.plist;
				LD_RUNPATH_SEARCH_PATHS = (
					"$(inherited)",
					"@executable_path/Frameworks",
				);
				PRODUCT_BUNDLE_IDENTIFIER = com.self.AutoLayoutStoryboard;
				PRODUCT_NAME = "$(TARGET_NAME)";
				SWIFT_VERSION = 5.0;
				TARGETED_DEVICE_FAMILY = "1,2";
			};
			name = Debug;
		};
		B055375A244CDC4000A43C60 /* Release */ = {
			isa = XCBuildConfiguration;
			buildSettings = {
				ASSETCATALOG_COMPILER_APPICON_NAME = AppIcon;
				CODE_SIGN_STYLE = Automatic;
				DEVELOPMENT_TEAM = LXY3FP8CZ3;
				INFOPLIST_FILE = AutoLayoutStoryboard/Info.plist;
				LD_RUNPATH_SEARCH_PATHS = (
					"$(inherited)",
					"@executable_path/Frameworks",
				);
				PRODUCT_BUNDLE_IDENTIFIER = com.self.AutoLayoutStoryboard;
				PRODUCT_NAME = "$(TARGET_NAME)";
				SWIFT_VERSION = 5.0;
				TARGETED_DEVICE_FAMILY = "1,2";
			};
			name = Release;
		};
/* End XCBuildConfiguration section */

/* Begin XCConfigurationList section */
		B055373F244CDC3B00A43C60 /* Build configuration list for PBXProject "AutoLayoutStoryboard" */ = {
			isa = XCConfigurationList;
			buildConfigurations = (
				B0553756244CDC4000A43C60 /* Debug */,
				B0553757244CDC4000A43C60 /* Release */,
			);
			defaultConfigurationIsVisible = 0;
			defaultConfigurationName = Release;
		};
		B0553758244CDC4000A43C60 /* Build configuration list for PBXNativeTarget "AutoLayoutStoryboard" */ = {
			isa = XCConfigurationList;
			buildConfigurations = (
				B0553759244CDC4000A43C60 /* Debug */,
				B055375A244CDC4000A43C60 /* Release */,
			);
			defaultConfigurationIsVisible = 0;
			defaultConfigurationName = Release;
		};
/* End XCConfigurationList section */
	};
	rootObject = B055373C244CDC3B00A43C60 /* Project object */;
}
