// !$*UTF8*$!
{
	archiveVersion = 1;
	classes = {
	};
	objectVersion = 50;
	objects = {

/* Begin PBXBuildFile section */
		B01F0D2A247887C200A30A4C /* AppDelegate.swift in Sources */ = {isa = PBXBuildFile; fileRef = B01F0D29247887C200A30A4C /* AppDelegate.swift */; };
		B01F0D2C247887C200A30A4C /* SceneDelegate.swift in Sources */ = {isa = PBXBuildFile; fileRef = B01F0D2B247887C200A30A4C /* SceneDelegate.swift */; };
		B01F0D33247887C700A30A4C /* Assets.xcassets in Resources */ = {isa = PBXBuildFile; fileRef = B01F0D32247887C700A30A4C /* Assets.xcassets */; };
		B01F0D36247887C700A30A4C /* LaunchScreen.storyboard in Resources */ = {isa = PBXBuildFile; fileRef = B01F0D34247887C700A30A4C /* LaunchScreen.storyboard */; };
		B01F0D3E24788DE200A30A4C /* MenuViewController.swift in Sources */ = {isa = PBXBuildFile; fileRef = B01F0D3D24788DE200A30A4C /* MenuViewController.swift */; };
		B01F0D4424789A2900A30A4C /* CategoryFilterCollectionViewCell.swift in Sources */ = {isa = PBXBuildFile; fileRef = B01F0D4324789A2900A30A4C /* CategoryFilterCollectionViewCell.swift */; };
		B0C4B50024789ED800B04CB5 /* HorizontalStackView.swift in Sources */ = {isa = PBXBuildFile; fileRef = B0C4B4FC24789ED800B04CB5 /* HorizontalStackView.swift */; };
		B0C4B50124789ED800B04CB5 /* UIColor+HexRgb.swift in Sources */ = {isa = PBXBuildFile; fileRef = B0C4B4FD24789ED800B04CB5 /* UIColor+HexRgb.swift */; };
		B0C4B50224789ED800B04CB5 /* VerticalStackView.swift in Sources */ = {isa = PBXBuildFile; fileRef = B0C4B4FE24789ED800B04CB5 /* VerticalStackView.swift */; };
		B0C4B50324789ED800B04CB5 /* UIView+ConstraintLayout.swift in Sources */ = {isa = PBXBuildFile; fileRef = B0C4B4FF24789ED800B04CB5 /* UIView+ConstraintLayout.swift */; };
		B0C4B5052479CB3900B04CB5 /* ColorTheme.swift in Sources */ = {isa = PBXBuildFile; fileRef = B0C4B5042479CB3900B04CB5 /* ColorTheme.swift */; };
/* End PBXBuildFile section */

/* Begin PBXFileReference section */
		B01F0D26247887C200A30A4C /* RestaurantCollectionView.app */ = {isa = PBXFileReference; explicitFileType = wrapper.application; includeInIndex = 0; path = RestaurantCollectionView.app; sourceTree = BUILT_PRODUCTS_DIR; };
		B01F0D29247887C200A30A4C /* AppDelegate.swift */ = {isa = PBXFileReference; lastKnownFileType = sourcecode.swift; path = AppDelegate.swift; sourceTree = "<group>"; };
		B01F0D2B247887C200A30A4C /* SceneDelegate.swift */ = {isa = PBXFileReference; lastKnownFileType = sourcecode.swift; path = SceneDelegate.swift; sourceTree = "<group>"; };
		B01F0D32247887C700A30A4C /* Assets.xcassets */ = {isa = PBXFileReference; lastKnownFileType = folder.assetcatalog; path = Assets.xcassets; sourceTree = "<group>"; };
		B01F0D35247887C700A30A4C /* Base */ = {isa = PBXFileReference; lastKnownFileType = file.storyboard; name = Base; path = Base.lproj/LaunchScreen.storyboard; sourceTree = "<group>"; };
		B01F0D37247887C700A30A4C /* Info.plist */ = {isa = PBXFileReference; lastKnownFileType = text.plist.xml; path = Info.plist; sourceTree = "<group>"; };
		B01F0D3D24788DE200A30A4C /* MenuViewController.swift */ = {isa = PBXFileReference; lastKnownFileType = sourcecode.swift; path = MenuViewController.swift; sourceTree = "<group>"; };
		B01F0D4324789A2900A30A4C /* CategoryFilterCollectionViewCell.swift */ = {isa = PBXFileReference; lastKnownFileType = sourcecode.swift; path = CategoryFilterCollectionViewCell.swift; sourceTree = "<group>"; };
		B0C4B4FC24789ED800B04CB5 /* HorizontalStackView.swift */ = {isa = PBXFileReference; fileEncoding = 4; lastKnownFileType = sourcecode.swift; path = HorizontalStackView.swift; sourceTree = "<group>"; };
		B0C4B4FD24789ED800B04CB5 /* UIColor+HexRgb.swift */ = {isa = PBXFileReference; fileEncoding = 4; lastKnownFileType = sourcecode.swift; path = "UIColor+HexRgb.swift"; sourceTree = "<group>"; };
		B0C4B4FE24789ED800B04CB5 /* VerticalStackView.swift */ = {isa = PBXFileReference; fileEncoding = 4; lastKnownFileType = sourcecode.swift; path = VerticalStackView.swift; sourceTree = "<group>"; };
		B0C4B4FF24789ED800B04CB5 /* UIView+ConstraintLayout.swift */ = {isa = PBXFileReference; fileEncoding = 4; lastKnownFileType = sourcecode.swift; path = "UIView+ConstraintLayout.swift"; sourceTree = "<group>"; };
		B0C4B5042479CB3900B04CB5 /* ColorTheme.swift */ = {isa = PBXFileReference; lastKnownFileType = sourcecode.swift; path = ColorTheme.swift; sourceTree = "<group>"; };
/* End PBXFileReference section */

/* Begin PBXFrameworksBuildPhase section */
		B01F0D23247887C200A30A4C /* Frameworks */ = {
			isa = PBXFrameworksBuildPhase;
			buildActionMask = 2147483647;
			files = (
			);
			runOnlyForDeploymentPostprocessing = 0;
		};
/* End PBXFrameworksBuildPhase section */

/* Begin PBXGroup section */
		B01F0D1D247887C200A30A4C = {
			isa = PBXGroup;
			children = (
				B01F0D28247887C200A30A4C /* RestaurantCollectionView */,
				B01F0D27247887C200A30A4C /* Products */,
			);
			sourceTree = "<group>";
		};
		B01F0D27247887C200A30A4C /* Products */ = {
			isa = PBXGroup;
			children = (
				B01F0D26247887C200A30A4C /* RestaurantCollectionView.app */,
			);
			name = Products;
			sourceTree = "<group>";
		};
		B01F0D28247887C200A30A4C /* RestaurantCollectionView */ = {
			isa = PBXGroup;
			children = (
				B01F0D29247887C200A30A4C /* AppDelegate.swift */,
				B01F0D2B247887C200A30A4C /* SceneDelegate.swift */,
				B01F0D3D24788DE200A30A4C /* MenuViewController.swift */,
				B0C4B5092479CD0000B04CB5 /* Common */,
				B01F0D4324789A2900A30A4C /* CategoryFilterCollectionViewCell.swift */,
				B0C4B4FB24789ED800B04CB5 /* Utils */,
				B01F0D32247887C700A30A4C /* Assets.xcassets */,
				B01F0D34247887C700A30A4C /* LaunchScreen.storyboard */,
				B01F0D37247887C700A30A4C /* Info.plist */,
			);
			path = RestaurantCollectionView;
			sourceTree = "<group>";
		};
		B0C4B4FB24789ED800B04CB5 /* Utils */ = {
			isa = PBXGroup;
			children = (
				B0C4B4FC24789ED800B04CB5 /* HorizontalStackView.swift */,
				B0C4B4FD24789ED800B04CB5 /* UIColor+HexRgb.swift */,
				B0C4B4FE24789ED800B04CB5 /* VerticalStackView.swift */,
				B0C4B4FF24789ED800B04CB5 /* UIView+ConstraintLayout.swift */,
			);
			path = Utils;
			sourceTree = "<group>";
		};
		B0C4B5092479CD0000B04CB5 /* Common */ = {
			isa = PBXGroup;
			children = (
				B0C4B5042479CB3900B04CB5 /* ColorTheme.swift */,
			);
			path = Common;
			sourceTree = "<group>";
		};
/* End PBXGroup section */

/* Begin PBXNativeTarget section */
		B01F0D25247887C200A30A4C /* RestaurantCollectionView */ = {
			isa = PBXNativeTarget;
			buildConfigurationList = B01F0D3A247887C700A30A4C /* Build configuration list for PBXNativeTarget "RestaurantCollectionView" */;
			buildPhases = (
				B01F0D22247887C200A30A4C /* Sources */,
				B01F0D23247887C200A30A4C /* Frameworks */,
				B01F0D24247887C200A30A4C /* Resources */,
			);
			buildRules = (
			);
			dependencies = (
			);
			name = RestaurantCollectionView;
			productName = RestaurantCollectionView;
			productReference = B01F0D26247887C200A30A4C /* RestaurantCollectionView.app */;
			productType = "com.apple.product-type.application";
		};
/* End PBXNativeTarget section */

/* Begin PBXProject section */
		B01F0D1E247887C200A30A4C /* Project object */ = {
			isa = PBXProject;
			attributes = {
				LastSwiftUpdateCheck = 1150;
				LastUpgradeCheck = 1150;
				ORGANIZATIONNAME = "Naoki Mita";
				TargetAttributes = {
					B01F0D25247887C200A30A4C = {
						CreatedOnToolsVersion = 11.5;
					};
				};
			};
			buildConfigurationList = B01F0D21247887C200A30A4C /* Build configuration list for PBXProject "RestaurantCollectionView" */;
			compatibilityVersion = "Xcode 9.3";
			developmentRegion = en;
			hasScannedForEncodings = 0;
			knownRegions = (
				en,
				Base,
			);
			mainGroup = B01F0D1D247887C200A30A4C;
			productRefGroup = B01F0D27247887C200A30A4C /* Products */;
			projectDirPath = "";
			projectRoot = "";
			targets = (
				B01F0D25247887C200A30A4C /* RestaurantCollectionView */,
			);
		};
/* End PBXProject section */

/* Begin PBXResourcesBuildPhase section */
		B01F0D24247887C200A30A4C /* Resources */ = {
			isa = PBXResourcesBuildPhase;
			buildActionMask = 2147483647;
			files = (
				B01F0D36247887C700A30A4C /* LaunchScreen.storyboard in Resources */,
				B01F0D33247887C700A30A4C /* Assets.xcassets in Resources */,
			);
			runOnlyForDeploymentPostprocessing = 0;
		};
/* End PBXResourcesBuildPhase section */

/* Begin PBXSourcesBuildPhase section */
		B01F0D22247887C200A30A4C /* Sources */ = {
			isa = PBXSourcesBuildPhase;
			buildActionMask = 2147483647;
			files = (
				B0C4B5052479CB3900B04CB5 /* ColorTheme.swift in Sources */,
				B01F0D4424789A2900A30A4C /* CategoryFilterCollectionViewCell.swift in Sources */,
				B0C4B50124789ED800B04CB5 /* UIColor+HexRgb.swift in Sources */,
				B01F0D2A247887C200A30A4C /* AppDelegate.swift in Sources */,
				B01F0D3E24788DE200A30A4C /* MenuViewController.swift in Sources */,
				B01F0D2C247887C200A30A4C /* SceneDelegate.swift in Sources */,
				B0C4B50024789ED800B04CB5 /* HorizontalStackView.swift in Sources */,
				B0C4B50224789ED800B04CB5 /* VerticalStackView.swift in Sources */,
				B0C4B50324789ED800B04CB5 /* UIView+ConstraintLayout.swift in Sources */,
			);
			runOnlyForDeploymentPostprocessing = 0;
		};
/* End PBXSourcesBuildPhase section */

/* Begin PBXVariantGroup section */
		B01F0D34247887C700A30A4C /* LaunchScreen.storyboard */ = {
			isa = PBXVariantGroup;
			children = (
				B01F0D35247887C700A30A4C /* Base */,
			);
			name = LaunchScreen.storyboard;
			sourceTree = "<group>";
		};
/* End PBXVariantGroup section */

/* Begin XCBuildConfiguration section */
		B01F0D38247887C700A30A4C /* Debug */ = {
			isa = XCBuildConfiguration;
			buildSettings = {
				ALWAYS_SEARCH_USER_PATHS = NO;
				CLANG_ANALYZER_NONNULL = YES;
				CLANG_ANALYZER_NUMBER_OBJECT_CONVERSION = YES_AGGRESSIVE;
				CLANG_CXX_LANGUAGE_STANDARD = "gnu++14";
				CLANG_CXX_LIBRARY = "libc++";
				CLANG_ENABLE_MODULES = YES;
				CLANG_ENABLE_OBJC_ARC = YES;
				CLANG_ENABLE_OBJC_WEAK = YES;
				CLANG_WARN_BLOCK_CAPTURE_AUTORELEASING = YES;
				CLANG_WARN_BOOL_CONVERSION = YES;
				CLANG_WARN_COMMA = YES;
				CLANG_WARN_CONSTANT_CONVERSION = YES;
				CLANG_WARN_DEPRECATED_OBJC_IMPLEMENTATIONS = YES;
				CLANG_WARN_DIRECT_OBJC_ISA_USAGE = YES_ERROR;
				CLANG_WARN_DOCUMENTATION_COMMENTS = YES;
				CLANG_WARN_EMPTY_BODY = YES;
				CLANG_WARN_ENUM_CONVERSION = YES;
				CLANG_WARN_INFINITE_RECURSION = YES;
				CLANG_WARN_INT_CONVERSION = YES;
				CLANG_WARN_NON_LITERAL_NULL_CONVERSION = YES;
				CLANG_WARN_OBJC_IMPLICIT_RETAIN_SELF = YES;
				CLANG_WARN_OBJC_LITERAL_CONVERSION = YES;
				CLANG_WARN_OBJC_ROOT_CLASS = YES_ERROR;
				CLANG_WARN_RANGE_LOOP_ANALYSIS = YES;
				CLANG_WARN_STRICT_PROTOTYPES = YES;
				CLANG_WARN_SUSPICIOUS_MOVE = YES;
				CLANG_WARN_UNGUARDED_AVAILABILITY = YES_AGGRESSIVE;
				CLANG_WARN_UNREACHABLE_CODE = YES;
				CLANG_WARN__DUPLICATE_METHOD_MATCH = YES;
				COPY_PHASE_STRIP = NO;
				DEBUG_INFORMATION_FORMAT = dwarf;
				ENABLE_STRICT_OBJC_MSGSEND = YES;
				ENABLE_TESTABILITY = YES;
				GCC_C_LANGUAGE_STANDARD = gnu11;
				GCC_DYNAMIC_NO_PIC = NO;
				GCC_NO_COMMON_BLOCKS = YES;
				GCC_OPTIMIZATION_LEVEL = 0;
				GCC_PREPROCESSOR_DEFINITIONS = (
					"DEBUG=1",
					"$(inherited)",
				);
				GCC_WARN_64_TO_32_BIT_CONVERSION = YES;
				GCC_WARN_ABOUT_RETURN_TYPE = YES_ERROR;
				GCC_WARN_UNDECLARED_SELECTOR = YES;
				GCC_WARN_UNINITIALIZED_AUTOS = YES_AGGRESSIVE;
				GCC_WARN_UNUSED_FUNCTION = YES;
				GCC_WARN_UNUSED_VARIABLE = YES;
				IPHONEOS_DEPLOYMENT_TARGET = 13.5;
				MTL_ENABLE_DEBUG_INFO = INCLUDE_SOURCE;
				MTL_FAST_MATH = YES;
				ONLY_ACTIVE_ARCH = YES;
				SDKROOT = iphoneos;
				SWIFT_ACTIVE_COMPILATION_CONDITIONS = DEBUG;
				SWIFT_OPTIMIZATION_LEVEL = "-Onone";
			};
			name = Debug;
		};
		B01F0D39247887C700A30A4C /* Release */ = {
			isa = XCBuildConfiguration;
			buildSettings = {
				ALWAYS_SEARCH_USER_PATHS = NO;
				CLANG_ANALYZER_NONNULL = YES;
				CLANG_ANALYZER_NUMBER_OBJECT_CONVERSION = YES_AGGRESSIVE;
				CLANG_CXX_LANGUAGE_STANDARD = "gnu++14";
				CLANG_CXX_LIBRARY = "libc++";
				CLANG_ENABLE_MODULES = YES;
				CLANG_ENABLE_OBJC_ARC = YES;
				CLANG_ENABLE_OBJC_WEAK = YES;
				CLANG_WARN_BLOCK_CAPTURE_AUTORELEASING = YES;
				CLANG_WARN_BOOL_CONVERSION = YES;
				CLANG_WARN_COMMA = YES;
				CLANG_WARN_CONSTANT_CONVERSION = YES;
				CLANG_WARN_DEPRECATED_OBJC_IMPLEMENTATIONS = YES;
				CLANG_WARN_DIRECT_OBJC_ISA_USAGE = YES_ERROR;
				CLANG_WARN_DOCUMENTATION_COMMENTS = YES;
				CLANG_WARN_EMPTY_BODY = YES;
				CLANG_WARN_ENUM_CONVERSION = YES;
				CLANG_WARN_INFINITE_RECURSION = YES;
				CLANG_WARN_INT_CONVERSION = YES;
				CLANG_WARN_NON_LITERAL_NULL_CONVERSION = YES;
				CLANG_WARN_OBJC_IMPLICIT_RETAIN_SELF = YES;
				CLANG_WARN_OBJC_LITERAL_CONVERSION = YES;
				CLANG_WARN_OBJC_ROOT_CLASS = YES_ERROR;
				CLANG_WARN_RANGE_LOOP_ANALYSIS = YES;
				CLANG_WARN_STRICT_PROTOTYPES = YES;
				CLANG_WARN_SUSPICIOUS_MOVE = YES;
				CLANG_WARN_UNGUARDED_AVAILABILITY = YES_AGGRESSIVE;
				CLANG_WARN_UNREACHABLE_CODE = YES;
				CLANG_WARN__DUPLICATE_METHOD_MATCH = YES;
				COPY_PHASE_STRIP = NO;
				DEBUG_INFORMATION_FORMAT = "dwarf-with-dsym";
				ENABLE_NS_ASSERTIONS = NO;
				ENABLE_STRICT_OBJC_MSGSEND = YES;
				GCC_C_LANGUAGE_STANDARD = gnu11;
				GCC_NO_COMMON_BLOCKS = YES;
				GCC_WARN_64_TO_32_BIT_CONVERSION = YES;
				GCC_WARN_ABOUT_RETURN_TYPE = YES_ERROR;
				GCC_WARN_UNDECLARED_SELECTOR = YES;
				GCC_WARN_UNINITIALIZED_AUTOS = YES_AGGRESSIVE;
				GCC_WARN_UNUSED_FUNCTION = YES;
				GCC_WARN_UNUSED_VARIABLE = YES;
				IPHONEOS_DEPLOYMENT_TARGET = 13.5;
				MTL_ENABLE_DEBUG_INFO = NO;
				MTL_FAST_MATH = YES;
				SDKROOT = iphoneos;
				SWIFT_COMPILATION_MODE = wholemodule;
				SWIFT_OPTIMIZATION_LEVEL = "-O";
				VALIDATE_PRODUCT = YES;
			};
			name = Release;
		};
		B01F0D3B247887C700A30A4C /* Debug */ = {
			isa = XCBuildConfiguration;
			buildSettings = {
				ASSETCATALOG_COMPILER_APPICON_NAME = AppIcon;
				CODE_SIGN_STYLE = Automatic;
				DEVELOPMENT_TEAM = LXY3FP8CZ3;
				INFOPLIST_FILE = RestaurantCollectionView/Info.plist;
				LD_RUNPATH_SEARCH_PATHS = (
					"$(inherited)",
					"@executable_path/Frameworks",
				);
				PRODUCT_BUNDLE_IDENTIFIER = com.self.RestaurantCollectionView;
				PRODUCT_NAME = "$(TARGET_NAME)";
				SWIFT_VERSION = 5.0;
				TARGETED_DEVICE_FAMILY = "1,2";
			};
			name = Debug;
		};
		B01F0D3C247887C700A30A4C /* Release */ = {
			isa = XCBuildConfiguration;
			buildSettings = {
				ASSETCATALOG_COMPILER_APPICON_NAME = AppIcon;
				CODE_SIGN_STYLE = Automatic;
				DEVELOPMENT_TEAM = LXY3FP8CZ3;
				INFOPLIST_FILE = RestaurantCollectionView/Info.plist;
				LD_RUNPATH_SEARCH_PATHS = (
					"$(inherited)",
					"@executable_path/Frameworks",
				);
				PRODUCT_BUNDLE_IDENTIFIER = com.self.RestaurantCollectionView;
				PRODUCT_NAME = "$(TARGET_NAME)";
				SWIFT_VERSION = 5.0;
				TARGETED_DEVICE_FAMILY = "1,2";
			};
			name = Release;
		};
/* End XCBuildConfiguration section */

/* Begin XCConfigurationList section */
		B01F0D21247887C200A30A4C /* Build configuration list for PBXProject "RestaurantCollectionView" */ = {
			isa = XCConfigurationList;
			buildConfigurations = (
				B01F0D38247887C700A30A4C /* Debug */,
				B01F0D39247887C700A30A4C /* Release */,
			);
			defaultConfigurationIsVisible = 0;
			defaultConfigurationName = Release;
		};
		B01F0D3A247887C700A30A4C /* Build configuration list for PBXNativeTarget "RestaurantCollectionView" */ = {
			isa = XCConfigurationList;
			buildConfigurations = (
				B01F0D3B247887C700A30A4C /* Debug */,
				B01F0D3C247887C700A30A4C /* Release */,
			);
			defaultConfigurationIsVisible = 0;
			defaultConfigurationName = Release;
		};
/* End XCConfigurationList section */
	};
	rootObject = B01F0D1E247887C200A30A4C /* Project object */;
}
